// !$*UTF8*$!
{
	archiveVersion = 1;
	classes = {
	};
	objectVersion = 50;
	objects = {

/* Begin PBXBuildFile section */
		0D7592966F5CD0F3F21A7BCB /* Pods_SampleWeatherApp.framework in Frameworks */ = {isa = PBXBuildFile; fileRef = 6ED2E5C9B616613E207DE7EA /* Pods_SampleWeatherApp.framework */; };
		12F2CD76413E217B8AA93748 /* Pods_SampleWeatherAppTests.framework in Frameworks */ = {isa = PBXBuildFile; fileRef = DDDD764AAECB6A17E7C0E839 /* Pods_SampleWeatherAppTests.framework */; };
		1923414CF455E7EEFC466014 /* Pods_SampleWeatherAppUITests.framework in Frameworks */ = {isa = PBXBuildFile; fileRef = 22B2B013DD61DD06AA07E30E /* Pods_SampleWeatherAppUITests.framework */; };
		3C552715CAFE0C4C8C617199 /* Pods_SampleWeatherApp_SampleWeatherAppUITests.framework in Frameworks */ = {isa = PBXBuildFile; fileRef = AF4B64AAD5F21D57A8EC2DA3 /* Pods_SampleWeatherApp_SampleWeatherAppUITests.framework */; };
		940EF3EC2340C83B00D7AB59 /* AppDelegate.swift in Sources */ = {isa = PBXBuildFile; fileRef = 940EF3EB2340C83B00D7AB59 /* AppDelegate.swift */; };
		940EF3F32340C85400D7AB59 /* Assets.xcassets in Resources */ = {isa = PBXBuildFile; fileRef = 940EF3F22340C85400D7AB59 /* Assets.xcassets */; };
		940EF3F62340C85400D7AB59 /* LaunchScreen.storyboard in Resources */ = {isa = PBXBuildFile; fileRef = 940EF3F42340C85400D7AB59 /* LaunchScreen.storyboard */; };
		940EF4012340C85500D7AB59 /* SampleWeatherAppTests.swift in Sources */ = {isa = PBXBuildFile; fileRef = 940EF4002340C85500D7AB59 /* SampleWeatherAppTests.swift */; };
		940EF40C2340C85500D7AB59 /* SampleWeatherAppUITests.swift in Sources */ = {isa = PBXBuildFile; fileRef = 940EF40B2340C85500D7AB59 /* SampleWeatherAppUITests.swift */; };
		940EF4252340CB7100D7AB59 /* EnvironmentConfiguration.swift in Sources */ = {isa = PBXBuildFile; fileRef = 940EF4242340CB7100D7AB59 /* EnvironmentConfiguration.swift */; };
		940EF42B2340D70900D7AB59 /* DependencyResolving.swift in Sources */ = {isa = PBXBuildFile; fileRef = 940EF42A2340D70900D7AB59 /* DependencyResolving.swift */; };
		940EF42D2340D73A00D7AB59 /* DefaultDependencyContainer.swift in Sources */ = {isa = PBXBuildFile; fileRef = 940EF42C2340D73A00D7AB59 /* DefaultDependencyContainer.swift */; };
		940EF4302340D77600D7AB59 /* Coordinating.swift in Sources */ = {isa = PBXBuildFile; fileRef = 940EF42F2340D77600D7AB59 /* Coordinating.swift */; };
		940EF4322340D78F00D7AB59 /* RootCoordinator.swift in Sources */ = {isa = PBXBuildFile; fileRef = 940EF4312340D78F00D7AB59 /* RootCoordinator.swift */; };
		940EF4342340D7BA00D7AB59 /* CurrentWeatherCoordinator.swift in Sources */ = {isa = PBXBuildFile; fileRef = 940EF4332340D7BA00D7AB59 /* CurrentWeatherCoordinator.swift */; };
		940EF4362340D7E700D7AB59 /* ForecastCoordinator.swift in Sources */ = {isa = PBXBuildFile; fileRef = 940EF4352340D7E700D7AB59 /* ForecastCoordinator.swift */; };
		940EF4382340D8D700D7AB59 /* TabBarViewController.swift in Sources */ = {isa = PBXBuildFile; fileRef = 940EF4372340D8D700D7AB59 /* TabBarViewController.swift */; };
		940EF43A2340D8EF00D7AB59 /* TabBarViewController.storyboard in Resources */ = {isa = PBXBuildFile; fileRef = 940EF4392340D8EF00D7AB59 /* TabBarViewController.storyboard */; };
		940EF4402340D98D00D7AB59 /* CurrentWeatherViewController.swift in Sources */ = {isa = PBXBuildFile; fileRef = 940EF43F2340D98D00D7AB59 /* CurrentWeatherViewController.swift */; };
		940EF4422340D9B800D7AB59 /* CurrentWeatherViewController.storyboard in Resources */ = {isa = PBXBuildFile; fileRef = 940EF4412340D9B800D7AB59 /* CurrentWeatherViewController.storyboard */; };
		940EF4442340D9DE00D7AB59 /* ForecastViewController.storyboard in Resources */ = {isa = PBXBuildFile; fileRef = 940EF4432340D9DE00D7AB59 /* ForecastViewController.storyboard */; };
		940EF4462340D9FE00D7AB59 /* ForecastViewController.swift in Sources */ = {isa = PBXBuildFile; fileRef = 940EF4452340D9FE00D7AB59 /* ForecastViewController.swift */; };
		940EF4482340DA3600D7AB59 /* BlankNavigationViewController.swift in Sources */ = {isa = PBXBuildFile; fileRef = 940EF4472340DA3600D7AB59 /* BlankNavigationViewController.swift */; };
		940EF44C2340E53D00D7AB59 /* ForecastCell.swift in Sources */ = {isa = PBXBuildFile; fileRef = 940EF44A2340E53D00D7AB59 /* ForecastCell.swift */; };
		940EF4552341081800D7AB59 /* APIManager.swift in Sources */ = {isa = PBXBuildFile; fileRef = 940EF4542341081800D7AB59 /* APIManager.swift */; };
		940EF4582341086B00D7AB59 /* Location.swift in Sources */ = {isa = PBXBuildFile; fileRef = 940EF4572341086B00D7AB59 /* Location.swift */; };
		940EF45A2341088B00D7AB59 /* CurrentWeather.swift in Sources */ = {isa = PBXBuildFile; fileRef = 940EF4592341088B00D7AB59 /* CurrentWeather.swift */; };
		940EF45C234108F000D7AB59 /* ForecastWeather.swift in Sources */ = {isa = PBXBuildFile; fileRef = 940EF45B234108F000D7AB59 /* ForecastWeather.swift */; };
		940EF45F2341098800D7AB59 /* Extensions.swift in Sources */ = {isa = PBXBuildFile; fileRef = 940EF45E2341098800D7AB59 /* Extensions.swift */; };
		940EF46123415FBB00D7AB59 /* iOSDevCenters+GIF.swift in Sources */ = {isa = PBXBuildFile; fileRef = 940EF46023415FBB00D7AB59 /* iOSDevCenters+GIF.swift */; };
		BC66B12C4B8E346493FBC8B9 /* Pods_SampleWeatherApp_SampleWeatherAppTests.framework in Frameworks */ = {isa = PBXBuildFile; fileRef = B3918A082EE29C6A16FE1FC5 /* Pods_SampleWeatherApp_SampleWeatherAppTests.framework */; };
/* End PBXBuildFile section */

/* Begin PBXContainerItemProxy section */
		940EF3FD2340C85500D7AB59 /* PBXContainerItemProxy */ = {
			isa = PBXContainerItemProxy;
			containerPortal = 940EF3E02340C83B00D7AB59 /* Project object */;
			proxyType = 1;
			remoteGlobalIDString = 940EF3E72340C83B00D7AB59;
			remoteInfo = SampleWeatherApp;
		};
		940EF4082340C85500D7AB59 /* PBXContainerItemProxy */ = {
			isa = PBXContainerItemProxy;
			containerPortal = 940EF3E02340C83B00D7AB59 /* Project object */;
			proxyType = 1;
			remoteGlobalIDString = 940EF3E72340C83B00D7AB59;
			remoteInfo = SampleWeatherApp;
		};
/* End PBXContainerItemProxy section */

/* Begin PBXFileReference section */
		01FE0F44FDE04D2746439D0B /* Pods-SampleWeatherAppUITests.release production.xcconfig */ = {isa = PBXFileReference; includeInIndex = 1; lastKnownFileType = text.xcconfig; name = "Pods-SampleWeatherAppUITests.release production.xcconfig"; path = "Target Support Files/Pods-SampleWeatherAppUITests/Pods-SampleWeatherAppUITests.release production.xcconfig"; sourceTree = "<group>"; };
		1F7FA589944F305C38A65AE3 /* Pods-SampleWeatherApp.debug development.xcconfig */ = {isa = PBXFileReference; includeInIndex = 1; lastKnownFileType = text.xcconfig; name = "Pods-SampleWeatherApp.debug development.xcconfig"; path = "Target Support Files/Pods-SampleWeatherApp/Pods-SampleWeatherApp.debug development.xcconfig"; sourceTree = "<group>"; };
		22B2B013DD61DD06AA07E30E /* Pods_SampleWeatherAppUITests.framework */ = {isa = PBXFileReference; explicitFileType = wrapper.framework; includeInIndex = 0; path = Pods_SampleWeatherAppUITests.framework; sourceTree = BUILT_PRODUCTS_DIR; };
		2527638CB1EA900908761E5B /* Pods-SampleWeatherApp-SampleWeatherAppTests.release production.xcconfig */ = {isa = PBXFileReference; includeInIndex = 1; lastKnownFileType = text.xcconfig; name = "Pods-SampleWeatherApp-SampleWeatherAppTests.release production.xcconfig"; path = "Target Support Files/Pods-SampleWeatherApp-SampleWeatherAppTests/Pods-SampleWeatherApp-SampleWeatherAppTests.release production.xcconfig"; sourceTree = "<group>"; };
		3CFD5D6E3F53BEB447083500 /* Pods-SampleWeatherAppTests.release development.xcconfig */ = {isa = PBXFileReference; includeInIndex = 1; lastKnownFileType = text.xcconfig; name = "Pods-SampleWeatherAppTests.release development.xcconfig"; path = "Target Support Files/Pods-SampleWeatherAppTests/Pods-SampleWeatherAppTests.release development.xcconfig"; sourceTree = "<group>"; };
		417F05C9847D5BB9F8325AB2 /* Pods-SampleWeatherApp.release development.xcconfig */ = {isa = PBXFileReference; includeInIndex = 1; lastKnownFileType = text.xcconfig; name = "Pods-SampleWeatherApp.release development.xcconfig"; path = "Target Support Files/Pods-SampleWeatherApp/Pods-SampleWeatherApp.release development.xcconfig"; sourceTree = "<group>"; };
		4BD9994E4C9DD342585A8DC8 /* Pods-SampleWeatherApp-SampleWeatherAppTests.release development.xcconfig */ = {isa = PBXFileReference; includeInIndex = 1; lastKnownFileType = text.xcconfig; name = "Pods-SampleWeatherApp-SampleWeatherAppTests.release development.xcconfig"; path = "Target Support Files/Pods-SampleWeatherApp-SampleWeatherAppTests/Pods-SampleWeatherApp-SampleWeatherAppTests.release development.xcconfig"; sourceTree = "<group>"; };
		55EC05C5C84B348E2A8E6F98 /* Pods-SampleWeatherApp-SampleWeatherAppUITests.release development.xcconfig */ = {isa = PBXFileReference; includeInIndex = 1; lastKnownFileType = text.xcconfig; name = "Pods-SampleWeatherApp-SampleWeatherAppUITests.release development.xcconfig"; path = "Target Support Files/Pods-SampleWeatherApp-SampleWeatherAppUITests/Pods-SampleWeatherApp-SampleWeatherAppUITests.release development.xcconfig"; sourceTree = "<group>"; };
		5E4A15DDC673F1B52718684C /* Pods-SampleWeatherApp.release production.xcconfig */ = {isa = PBXFileReference; includeInIndex = 1; lastKnownFileType = text.xcconfig; name = "Pods-SampleWeatherApp.release production.xcconfig"; path = "Target Support Files/Pods-SampleWeatherApp/Pods-SampleWeatherApp.release production.xcconfig"; sourceTree = "<group>"; };
		6E8FAD506C1047085E0F9F66 /* Pods-SampleWeatherApp-SampleWeatherAppTests.debug development.xcconfig */ = {isa = PBXFileReference; includeInIndex = 1; lastKnownFileType = text.xcconfig; name = "Pods-SampleWeatherApp-SampleWeatherAppTests.debug development.xcconfig"; path = "Target Support Files/Pods-SampleWeatherApp-SampleWeatherAppTests/Pods-SampleWeatherApp-SampleWeatherAppTests.debug development.xcconfig"; sourceTree = "<group>"; };
		6ED2E5C9B616613E207DE7EA /* Pods_SampleWeatherApp.framework */ = {isa = PBXFileReference; explicitFileType = wrapper.framework; includeInIndex = 0; path = Pods_SampleWeatherApp.framework; sourceTree = BUILT_PRODUCTS_DIR; };
		7D780C3AD02B9E18AD4F1ECD /* Pods-SampleWeatherApp-SampleWeatherAppUITests.debug production.xcconfig */ = {isa = PBXFileReference; includeInIndex = 1; lastKnownFileType = text.xcconfig; name = "Pods-SampleWeatherApp-SampleWeatherAppUITests.debug production.xcconfig"; path = "Target Support Files/Pods-SampleWeatherApp-SampleWeatherAppUITests/Pods-SampleWeatherApp-SampleWeatherAppUITests.debug production.xcconfig"; sourceTree = "<group>"; };
		8D4A25E656DC0BB3FECAAA2F /* Pods-SampleWeatherAppUITests.release development.xcconfig */ = {isa = PBXFileReference; includeInIndex = 1; lastKnownFileType = text.xcconfig; name = "Pods-SampleWeatherAppUITests.release development.xcconfig"; path = "Target Support Files/Pods-SampleWeatherAppUITests/Pods-SampleWeatherAppUITests.release development.xcconfig"; sourceTree = "<group>"; };
		909BCEA19F10A6E73872DAF9 /* Pods-SampleWeatherApp.debug production.xcconfig */ = {isa = PBXFileReference; includeInIndex = 1; lastKnownFileType = text.xcconfig; name = "Pods-SampleWeatherApp.debug production.xcconfig"; path = "Target Support Files/Pods-SampleWeatherApp/Pods-SampleWeatherApp.debug production.xcconfig"; sourceTree = "<group>"; };
		940EF3E82340C83B00D7AB59 /* SampleWeatherApp.app */ = {isa = PBXFileReference; explicitFileType = wrapper.application; includeInIndex = 0; path = SampleWeatherApp.app; sourceTree = BUILT_PRODUCTS_DIR; };
		940EF3EB2340C83B00D7AB59 /* AppDelegate.swift */ = {isa = PBXFileReference; lastKnownFileType = sourcecode.swift; path = AppDelegate.swift; sourceTree = "<group>"; };
		940EF3F22340C85400D7AB59 /* Assets.xcassets */ = {isa = PBXFileReference; lastKnownFileType = folder.assetcatalog; path = Assets.xcassets; sourceTree = "<group>"; };
		940EF3F52340C85400D7AB59 /* Base */ = {isa = PBXFileReference; lastKnownFileType = file.storyboard; name = Base; path = Base.lproj/LaunchScreen.storyboard; sourceTree = "<group>"; };
		940EF3F72340C85400D7AB59 /* Info.plist */ = {isa = PBXFileReference; lastKnownFileType = text.plist.xml; path = Info.plist; sourceTree = "<group>"; };
		940EF3FC2340C85500D7AB59 /* SampleWeatherAppTests.xctest */ = {isa = PBXFileReference; explicitFileType = wrapper.cfbundle; includeInIndex = 0; path = SampleWeatherAppTests.xctest; sourceTree = BUILT_PRODUCTS_DIR; };
		940EF4002340C85500D7AB59 /* SampleWeatherAppTests.swift */ = {isa = PBXFileReference; lastKnownFileType = sourcecode.swift; path = SampleWeatherAppTests.swift; sourceTree = "<group>"; };
		940EF4022340C85500D7AB59 /* Info.plist */ = {isa = PBXFileReference; lastKnownFileType = text.plist.xml; path = Info.plist; sourceTree = "<group>"; };
		940EF4072340C85500D7AB59 /* SampleWeatherAppUITests.xctest */ = {isa = PBXFileReference; explicitFileType = wrapper.cfbundle; includeInIndex = 0; path = SampleWeatherAppUITests.xctest; sourceTree = BUILT_PRODUCTS_DIR; };
		940EF40B2340C85500D7AB59 /* SampleWeatherAppUITests.swift */ = {isa = PBXFileReference; lastKnownFileType = sourcecode.swift; path = SampleWeatherAppUITests.swift; sourceTree = "<group>"; };
		940EF40D2340C85500D7AB59 /* Info.plist */ = {isa = PBXFileReference; lastKnownFileType = text.plist.xml; path = Info.plist; sourceTree = "<group>"; };
		940EF4222340CA4B00D7AB59 /* Development.xcconfig */ = {isa = PBXFileReference; lastKnownFileType = text.xcconfig; path = Development.xcconfig; sourceTree = "<group>"; };
		940EF4232340CAA900D7AB59 /* Production.xcconfig */ = {isa = PBXFileReference; lastKnownFileType = text.xcconfig; path = Production.xcconfig; sourceTree = "<group>"; };
		940EF4242340CB7100D7AB59 /* EnvironmentConfiguration.swift */ = {isa = PBXFileReference; lastKnownFileType = sourcecode.swift; path = EnvironmentConfiguration.swift; sourceTree = "<group>"; };
		940EF42A2340D70900D7AB59 /* DependencyResolving.swift */ = {isa = PBXFileReference; lastKnownFileType = sourcecode.swift; path = DependencyResolving.swift; sourceTree = "<group>"; };
		940EF42C2340D73A00D7AB59 /* DefaultDependencyContainer.swift */ = {isa = PBXFileReference; lastKnownFileType = sourcecode.swift; path = DefaultDependencyContainer.swift; sourceTree = "<group>"; };
		940EF42F2340D77600D7AB59 /* Coordinating.swift */ = {isa = PBXFileReference; lastKnownFileType = sourcecode.swift; path = Coordinating.swift; sourceTree = "<group>"; };
		940EF4312340D78F00D7AB59 /* RootCoordinator.swift */ = {isa = PBXFileReference; lastKnownFileType = sourcecode.swift; path = RootCoordinator.swift; sourceTree = "<group>"; };
		940EF4332340D7BA00D7AB59 /* CurrentWeatherCoordinator.swift */ = {isa = PBXFileReference; lastKnownFileType = sourcecode.swift; path = CurrentWeatherCoordinator.swift; sourceTree = "<group>"; };
		940EF4352340D7E700D7AB59 /* ForecastCoordinator.swift */ = {isa = PBXFileReference; lastKnownFileType = sourcecode.swift; path = ForecastCoordinator.swift; sourceTree = "<group>"; };
		940EF4372340D8D700D7AB59 /* TabBarViewController.swift */ = {isa = PBXFileReference; lastKnownFileType = sourcecode.swift; path = TabBarViewController.swift; sourceTree = "<group>"; };
		940EF4392340D8EF00D7AB59 /* TabBarViewController.storyboard */ = {isa = PBXFileReference; lastKnownFileType = file.storyboard; path = TabBarViewController.storyboard; sourceTree = "<group>"; };
		940EF43F2340D98D00D7AB59 /* CurrentWeatherViewController.swift */ = {isa = PBXFileReference; lastKnownFileType = sourcecode.swift; path = CurrentWeatherViewController.swift; sourceTree = "<group>"; };
		940EF4412340D9B800D7AB59 /* CurrentWeatherViewController.storyboard */ = {isa = PBXFileReference; lastKnownFileType = file.storyboard; path = CurrentWeatherViewController.storyboard; sourceTree = "<group>"; };
		940EF4432340D9DE00D7AB59 /* ForecastViewController.storyboard */ = {isa = PBXFileReference; lastKnownFileType = file.storyboard; path = ForecastViewController.storyboard; sourceTree = "<group>"; };
		940EF4452340D9FE00D7AB59 /* ForecastViewController.swift */ = {isa = PBXFileReference; lastKnownFileType = sourcecode.swift; path = ForecastViewController.swift; sourceTree = "<group>"; };
		940EF4472340DA3600D7AB59 /* BlankNavigationViewController.swift */ = {isa = PBXFileReference; lastKnownFileType = sourcecode.swift; path = BlankNavigationViewController.swift; sourceTree = "<group>"; };
		940EF44A2340E53D00D7AB59 /* ForecastCell.swift */ = {isa = PBXFileReference; lastKnownFileType = sourcecode.swift; path = ForecastCell.swift; sourceTree = "<group>"; };
		940EF4542341081800D7AB59 /* APIManager.swift */ = {isa = PBXFileReference; lastKnownFileType = sourcecode.swift; path = APIManager.swift; sourceTree = "<group>"; };
		940EF4572341086B00D7AB59 /* Location.swift */ = {isa = PBXFileReference; lastKnownFileType = sourcecode.swift; path = Location.swift; sourceTree = "<group>"; };
		940EF4592341088B00D7AB59 /* CurrentWeather.swift */ = {isa = PBXFileReference; lastKnownFileType = sourcecode.swift; path = CurrentWeather.swift; sourceTree = "<group>"; };
		940EF45B234108F000D7AB59 /* ForecastWeather.swift */ = {isa = PBXFileReference; lastKnownFileType = sourcecode.swift; path = ForecastWeather.swift; sourceTree = "<group>"; };
		940EF45E2341098800D7AB59 /* Extensions.swift */ = {isa = PBXFileReference; lastKnownFileType = sourcecode.swift; path = Extensions.swift; sourceTree = "<group>"; };
		940EF46023415FBB00D7AB59 /* iOSDevCenters+GIF.swift */ = {isa = PBXFileReference; lastKnownFileType = sourcecode.swift; path = "iOSDevCenters+GIF.swift"; sourceTree = "<group>"; };
		9570A6F8BE86C39098BBBF91 /* Pods-SampleWeatherApp-SampleWeatherAppUITests.release production.xcconfig */ = {isa = PBXFileReference; includeInIndex = 1; lastKnownFileType = text.xcconfig; name = "Pods-SampleWeatherApp-SampleWeatherAppUITests.release production.xcconfig"; path = "Target Support Files/Pods-SampleWeatherApp-SampleWeatherAppUITests/Pods-SampleWeatherApp-SampleWeatherAppUITests.release production.xcconfig"; sourceTree = "<group>"; };
		A023CBC96E0A32A6AACDFCE2 /* Pods-SampleWeatherAppUITests.debug development.xcconfig */ = {isa = PBXFileReference; includeInIndex = 1; lastKnownFileType = text.xcconfig; name = "Pods-SampleWeatherAppUITests.debug development.xcconfig"; path = "Target Support Files/Pods-SampleWeatherAppUITests/Pods-SampleWeatherAppUITests.debug development.xcconfig"; sourceTree = "<group>"; };
		A563D9C6A3F9B109F3322942 /* Pods-SampleWeatherAppUITests.debug production.xcconfig */ = {isa = PBXFileReference; includeInIndex = 1; lastKnownFileType = text.xcconfig; name = "Pods-SampleWeatherAppUITests.debug production.xcconfig"; path = "Target Support Files/Pods-SampleWeatherAppUITests/Pods-SampleWeatherAppUITests.debug production.xcconfig"; sourceTree = "<group>"; };
		A9B4DD7DCD82C6C2F90C468E /* Pods-SampleWeatherApp-SampleWeatherAppTests.debug production.xcconfig */ = {isa = PBXFileReference; includeInIndex = 1; lastKnownFileType = text.xcconfig; name = "Pods-SampleWeatherApp-SampleWeatherAppTests.debug production.xcconfig"; path = "Target Support Files/Pods-SampleWeatherApp-SampleWeatherAppTests/Pods-SampleWeatherApp-SampleWeatherAppTests.debug production.xcconfig"; sourceTree = "<group>"; };
		AF4B64AAD5F21D57A8EC2DA3 /* Pods_SampleWeatherApp_SampleWeatherAppUITests.framework */ = {isa = PBXFileReference; explicitFileType = wrapper.framework; includeInIndex = 0; path = Pods_SampleWeatherApp_SampleWeatherAppUITests.framework; sourceTree = BUILT_PRODUCTS_DIR; };
		AFDADA183AE75D60EF295EFC /* Pods-SampleWeatherAppTests.debug production.xcconfig */ = {isa = PBXFileReference; includeInIndex = 1; lastKnownFileType = text.xcconfig; name = "Pods-SampleWeatherAppTests.debug production.xcconfig"; path = "Target Support Files/Pods-SampleWeatherAppTests/Pods-SampleWeatherAppTests.debug production.xcconfig"; sourceTree = "<group>"; };
		B3918A082EE29C6A16FE1FC5 /* Pods_SampleWeatherApp_SampleWeatherAppTests.framework */ = {isa = PBXFileReference; explicitFileType = wrapper.framework; includeInIndex = 0; path = Pods_SampleWeatherApp_SampleWeatherAppTests.framework; sourceTree = BUILT_PRODUCTS_DIR; };
		C454753FBDCD892BA1738AB9 /* Pods-SampleWeatherAppTests.release production.xcconfig */ = {isa = PBXFileReference; includeInIndex = 1; lastKnownFileType = text.xcconfig; name = "Pods-SampleWeatherAppTests.release production.xcconfig"; path = "Target Support Files/Pods-SampleWeatherAppTests/Pods-SampleWeatherAppTests.release production.xcconfig"; sourceTree = "<group>"; };
		D8F0B2CC38976AAAA78A01C0 /* Pods-SampleWeatherApp-SampleWeatherAppUITests.debug development.xcconfig */ = {isa = PBXFileReference; includeInIndex = 1; lastKnownFileType = text.xcconfig; name = "Pods-SampleWeatherApp-SampleWeatherAppUITests.debug development.xcconfig"; path = "Target Support Files/Pods-SampleWeatherApp-SampleWeatherAppUITests/Pods-SampleWeatherApp-SampleWeatherAppUITests.debug development.xcconfig"; sourceTree = "<group>"; };
		DDDD764AAECB6A17E7C0E839 /* Pods_SampleWeatherAppTests.framework */ = {isa = PBXFileReference; explicitFileType = wrapper.framework; includeInIndex = 0; path = Pods_SampleWeatherAppTests.framework; sourceTree = BUILT_PRODUCTS_DIR; };
		F34CC1FEB21A46BA1559692E /* Pods-SampleWeatherAppTests.debug development.xcconfig */ = {isa = PBXFileReference; includeInIndex = 1; lastKnownFileType = text.xcconfig; name = "Pods-SampleWeatherAppTests.debug development.xcconfig"; path = "Target Support Files/Pods-SampleWeatherAppTests/Pods-SampleWeatherAppTests.debug development.xcconfig"; sourceTree = "<group>"; };
/* End PBXFileReference section */

/* Begin PBXFrameworksBuildPhase section */
		940EF3E52340C83B00D7AB59 /* Frameworks */ = {
			isa = PBXFrameworksBuildPhase;
			buildActionMask = 2147483647;
			files = (
				0D7592966F5CD0F3F21A7BCB /* Pods_SampleWeatherApp.framework in Frameworks */,
			);
			runOnlyForDeploymentPostprocessing = 0;
		};
		940EF3F92340C85500D7AB59 /* Frameworks */ = {
			isa = PBXFrameworksBuildPhase;
			buildActionMask = 2147483647;
			files = (
				12F2CD76413E217B8AA93748 /* Pods_SampleWeatherAppTests.framework in Frameworks */,
				BC66B12C4B8E346493FBC8B9 /* Pods_SampleWeatherApp_SampleWeatherAppTests.framework in Frameworks */,
			);
			runOnlyForDeploymentPostprocessing = 0;
		};
		940EF4042340C85500D7AB59 /* Frameworks */ = {
			isa = PBXFrameworksBuildPhase;
			buildActionMask = 2147483647;
			files = (
				1923414CF455E7EEFC466014 /* Pods_SampleWeatherAppUITests.framework in Frameworks */,
				3C552715CAFE0C4C8C617199 /* Pods_SampleWeatherApp_SampleWeatherAppUITests.framework in Frameworks */,
			);
			runOnlyForDeploymentPostprocessing = 0;
		};
/* End PBXFrameworksBuildPhase section */

/* Begin PBXGroup section */
		326CE7E2C3DAB68BDF119EBD /* Pods */ = {
			isa = PBXGroup;
			children = (
				1F7FA589944F305C38A65AE3 /* Pods-SampleWeatherApp.debug development.xcconfig */,
				909BCEA19F10A6E73872DAF9 /* Pods-SampleWeatherApp.debug production.xcconfig */,
				417F05C9847D5BB9F8325AB2 /* Pods-SampleWeatherApp.release development.xcconfig */,
				5E4A15DDC673F1B52718684C /* Pods-SampleWeatherApp.release production.xcconfig */,
				F34CC1FEB21A46BA1559692E /* Pods-SampleWeatherAppTests.debug development.xcconfig */,
				AFDADA183AE75D60EF295EFC /* Pods-SampleWeatherAppTests.debug production.xcconfig */,
				3CFD5D6E3F53BEB447083500 /* Pods-SampleWeatherAppTests.release development.xcconfig */,
				C454753FBDCD892BA1738AB9 /* Pods-SampleWeatherAppTests.release production.xcconfig */,
				A023CBC96E0A32A6AACDFCE2 /* Pods-SampleWeatherAppUITests.debug development.xcconfig */,
				A563D9C6A3F9B109F3322942 /* Pods-SampleWeatherAppUITests.debug production.xcconfig */,
				8D4A25E656DC0BB3FECAAA2F /* Pods-SampleWeatherAppUITests.release development.xcconfig */,
				01FE0F44FDE04D2746439D0B /* Pods-SampleWeatherAppUITests.release production.xcconfig */,
				6E8FAD506C1047085E0F9F66 /* Pods-SampleWeatherApp-SampleWeatherAppTests.debug development.xcconfig */,
				A9B4DD7DCD82C6C2F90C468E /* Pods-SampleWeatherApp-SampleWeatherAppTests.debug production.xcconfig */,
				4BD9994E4C9DD342585A8DC8 /* Pods-SampleWeatherApp-SampleWeatherAppTests.release development.xcconfig */,
				2527638CB1EA900908761E5B /* Pods-SampleWeatherApp-SampleWeatherAppTests.release production.xcconfig */,
				D8F0B2CC38976AAAA78A01C0 /* Pods-SampleWeatherApp-SampleWeatherAppUITests.debug development.xcconfig */,
				7D780C3AD02B9E18AD4F1ECD /* Pods-SampleWeatherApp-SampleWeatherAppUITests.debug production.xcconfig */,
				55EC05C5C84B348E2A8E6F98 /* Pods-SampleWeatherApp-SampleWeatherAppUITests.release development.xcconfig */,
				9570A6F8BE86C39098BBBF91 /* Pods-SampleWeatherApp-SampleWeatherAppUITests.release production.xcconfig */,
			);
			path = Pods;
			sourceTree = "<group>";
		};
		5B830A6D0BDF6A1A6F8FF12C /* Frameworks */ = {
			isa = PBXGroup;
			children = (
				6ED2E5C9B616613E207DE7EA /* Pods_SampleWeatherApp.framework */,
				DDDD764AAECB6A17E7C0E839 /* Pods_SampleWeatherAppTests.framework */,
				22B2B013DD61DD06AA07E30E /* Pods_SampleWeatherAppUITests.framework */,
				B3918A082EE29C6A16FE1FC5 /* Pods_SampleWeatherApp_SampleWeatherAppTests.framework */,
				AF4B64AAD5F21D57A8EC2DA3 /* Pods_SampleWeatherApp_SampleWeatherAppUITests.framework */,
			);
			name = Frameworks;
			sourceTree = "<group>";
		};
		940EF3DF2340C83B00D7AB59 = {
			isa = PBXGroup;
			children = (
				940EF45D2341097400D7AB59 /* Extensions */,
				940EF4562341083B00D7AB59 /* Model */,
				940EF453234107C200D7AB59 /* APIManager */,
				940EF4242340CB7100D7AB59 /* EnvironmentConfiguration.swift */,
				940EF3EB2340C83B00D7AB59 /* AppDelegate.swift */,
				940EF3F22340C85400D7AB59 /* Assets.xcassets */,
				940EF3F42340C85400D7AB59 /* LaunchScreen.storyboard */,
				940EF3F72340C85400D7AB59 /* Info.plist */,
				940EF4212340CA0D00D7AB59 /* Configurations */,
				940EF3EA2340C83B00D7AB59 /* SampleWeatherApp */,
				940EF3FF2340C85500D7AB59 /* SampleWeatherAppTests */,
				940EF40A2340C85500D7AB59 /* SampleWeatherAppUITests */,
				940EF3E92340C83B00D7AB59 /* Products */,
				326CE7E2C3DAB68BDF119EBD /* Pods */,
				5B830A6D0BDF6A1A6F8FF12C /* Frameworks */,
			);
			sourceTree = "<group>";
		};
		940EF3E92340C83B00D7AB59 /* Products */ = {
			isa = PBXGroup;
			children = (
				940EF3E82340C83B00D7AB59 /* SampleWeatherApp.app */,
				940EF3FC2340C85500D7AB59 /* SampleWeatherAppTests.xctest */,
				940EF4072340C85500D7AB59 /* SampleWeatherAppUITests.xctest */,
			);
			name = Products;
			sourceTree = "<group>";
		};
		940EF3EA2340C83B00D7AB59 /* SampleWeatherApp */ = {
			isa = PBXGroup;
			children = (
				940EF42E2340D76100D7AB59 /* Coordinators */,
				940EF4292340D6BF00D7AB59 /* DependencyInjection */,
				940EF4282340D5BD00D7AB59 /* Scenes */,
				940EF4492340E4B900D7AB59 /* Views */,
			);
			path = SampleWeatherApp;
			sourceTree = "<group>";
		};
		940EF3FF2340C85500D7AB59 /* SampleWeatherAppTests */ = {
			isa = PBXGroup;
			children = (
				940EF4002340C85500D7AB59 /* SampleWeatherAppTests.swift */,
				940EF4022340C85500D7AB59 /* Info.plist */,
			);
			path = SampleWeatherAppTests;
			sourceTree = "<group>";
		};
		940EF40A2340C85500D7AB59 /* SampleWeatherAppUITests */ = {
			isa = PBXGroup;
			children = (
				940EF40B2340C85500D7AB59 /* SampleWeatherAppUITests.swift */,
				940EF40D2340C85500D7AB59 /* Info.plist */,
			);
			path = SampleWeatherAppUITests;
			sourceTree = "<group>";
		};
		940EF4212340CA0D00D7AB59 /* Configurations */ = {
			isa = PBXGroup;
			children = (
				940EF4222340CA4B00D7AB59 /* Development.xcconfig */,
				940EF4232340CAA900D7AB59 /* Production.xcconfig */,
			);
			path = Configurations;
			sourceTree = "<group>";
		};
		940EF4282340D5BD00D7AB59 /* Scenes */ = {
			isa = PBXGroup;
			children = (
				940EF43B2340D90700D7AB59 /* TabBar */,
				940EF43C2340D91E00D7AB59 /* CurrentWeather */,
				940EF43D2340D92800D7AB59 /* Forecast */,
				940EF43E2340D93000D7AB59 /* Shared */,
			);
			path = Scenes;
			sourceTree = "<group>";
		};
		940EF4292340D6BF00D7AB59 /* DependencyInjection */ = {
			isa = PBXGroup;
			children = (
				940EF42A2340D70900D7AB59 /* DependencyResolving.swift */,
				940EF42C2340D73A00D7AB59 /* DefaultDependencyContainer.swift */,
			);
			path = DependencyInjection;
			sourceTree = "<group>";
		};
		940EF42E2340D76100D7AB59 /* Coordinators */ = {
			isa = PBXGroup;
			children = (
				940EF42F2340D77600D7AB59 /* Coordinating.swift */,
				940EF4312340D78F00D7AB59 /* RootCoordinator.swift */,
				940EF4332340D7BA00D7AB59 /* CurrentWeatherCoordinator.swift */,
				940EF4352340D7E700D7AB59 /* ForecastCoordinator.swift */,
			);
			path = Coordinators;
			sourceTree = "<group>";
		};
		940EF43B2340D90700D7AB59 /* TabBar */ = {
			isa = PBXGroup;
			children = (
				940EF4372340D8D700D7AB59 /* TabBarViewController.swift */,
				940EF4392340D8EF00D7AB59 /* TabBarViewController.storyboard */,
			);
			path = TabBar;
			sourceTree = "<group>";
		};
		940EF43C2340D91E00D7AB59 /* CurrentWeather */ = {
			isa = PBXGroup;
			children = (
				940EF43F2340D98D00D7AB59 /* CurrentWeatherViewController.swift */,
				940EF4412340D9B800D7AB59 /* CurrentWeatherViewController.storyboard */,
			);
			path = CurrentWeather;
			sourceTree = "<group>";
		};
		940EF43D2340D92800D7AB59 /* Forecast */ = {
			isa = PBXGroup;
			children = (
				940EF4452340D9FE00D7AB59 /* ForecastViewController.swift */,
				940EF4432340D9DE00D7AB59 /* ForecastViewController.storyboard */,
			);
			path = Forecast;
			sourceTree = "<group>";
		};
		940EF43E2340D93000D7AB59 /* Shared */ = {
			isa = PBXGroup;
			children = (
				940EF4472340DA3600D7AB59 /* BlankNavigationViewController.swift */,
			);
			path = Shared;
			sourceTree = "<group>";
		};
		940EF4492340E4B900D7AB59 /* Views */ = {
			isa = PBXGroup;
			children = (
				940EF44A2340E53D00D7AB59 /* ForecastCell.swift */,
				940EF46023415FBB00D7AB59 /* iOSDevCenters+GIF.swift */,
			);
			path = Views;
			sourceTree = "<group>";
		};
		940EF453234107C200D7AB59 /* APIManager */ = {
			isa = PBXGroup;
			children = (
				940EF4542341081800D7AB59 /* APIManager.swift */,
			);
			path = APIManager;
			sourceTree = "<group>";
		};
		940EF4562341083B00D7AB59 /* Model */ = {
			isa = PBXGroup;
			children = (
				940EF4572341086B00D7AB59 /* Location.swift */,
				940EF4592341088B00D7AB59 /* CurrentWeather.swift */,
				940EF45B234108F000D7AB59 /* ForecastWeather.swift */,
			);
			path = Model;
			sourceTree = "<group>";
		};
		940EF45D2341097400D7AB59 /* Extensions */ = {
			isa = PBXGroup;
			children = (
				940EF45E2341098800D7AB59 /* Extensions.swift */,
			);
			path = Extensions;
			sourceTree = "<group>";
		};
/* End PBXGroup section */

/* Begin PBXNativeTarget section */
		940EF3E72340C83B00D7AB59 /* SampleWeatherApp */ = {
			isa = PBXNativeTarget;
			buildConfigurationList = 940EF4102340C85500D7AB59 /* Build configuration list for PBXNativeTarget "SampleWeatherApp" */;
			buildPhases = (
				33A33817A15BE2D16BB2D1DF /* [CP] Check Pods Manifest.lock */,
				940EF3E42340C83B00D7AB59 /* Sources */,
				940EF3E52340C83B00D7AB59 /* Frameworks */,
				940EF3E62340C83B00D7AB59 /* Resources */,
				49BC7262B2F4E598BB582B70 /* [CP] Embed Pods Frameworks */,
				940EF4262340D48100D7AB59 /* Run Script - Swiftformat */,
				940EF4272340D4B900D7AB59 /* Run Script - SwiftLint */,
			);
			buildRules = (
			);
			dependencies = (
			);
			name = SampleWeatherApp;
			productName = SampleWeatherApp;
			productReference = 940EF3E82340C83B00D7AB59 /* SampleWeatherApp.app */;
			productType = "com.apple.product-type.application";
		};
		940EF3FB2340C85500D7AB59 /* SampleWeatherAppTests */ = {
			isa = PBXNativeTarget;
			buildConfigurationList = 940EF4132340C85500D7AB59 /* Build configuration list for PBXNativeTarget "SampleWeatherAppTests" */;
			buildPhases = (
				1A4A7DDD9B61FD139276B452 /* [CP] Check Pods Manifest.lock */,
				940EF3F82340C85500D7AB59 /* Sources */,
				940EF3F92340C85500D7AB59 /* Frameworks */,
				940EF3FA2340C85500D7AB59 /* Resources */,
				E6EDFDD51B7832647C03FDCD /* [CP] Embed Pods Frameworks */,
			);
			buildRules = (
			);
			dependencies = (
				940EF3FE2340C85500D7AB59 /* PBXTargetDependency */,
			);
			name = SampleWeatherAppTests;
			productName = SampleWeatherAppTests;
			productReference = 940EF3FC2340C85500D7AB59 /* SampleWeatherAppTests.xctest */;
			productType = "com.apple.product-type.bundle.unit-test";
		};
		940EF4062340C85500D7AB59 /* SampleWeatherAppUITests */ = {
			isa = PBXNativeTarget;
			buildConfigurationList = 940EF4162340C85500D7AB59 /* Build configuration list for PBXNativeTarget "SampleWeatherAppUITests" */;
			buildPhases = (
				DB4933CD34F32822247C143E /* [CP] Check Pods Manifest.lock */,
				940EF4032340C85500D7AB59 /* Sources */,
				940EF4042340C85500D7AB59 /* Frameworks */,
				940EF4052340C85500D7AB59 /* Resources */,
				FC671953B43FDE33842DD162 /* [CP] Embed Pods Frameworks */,
			);
			buildRules = (
			);
			dependencies = (
				940EF4092340C85500D7AB59 /* PBXTargetDependency */,
			);
			name = SampleWeatherAppUITests;
			productName = SampleWeatherAppUITests;
			productReference = 940EF4072340C85500D7AB59 /* SampleWeatherAppUITests.xctest */;
			productType = "com.apple.product-type.bundle.ui-testing";
		};
/* End PBXNativeTarget section */

/* Begin PBXProject section */
		940EF3E02340C83B00D7AB59 /* Project object */ = {
			isa = PBXProject;
			attributes = {
				LastSwiftUpdateCheck = 1030;
				LastUpgradeCheck = 1030;
				ORGANIZATIONNAME = "Renata Guttenová";
				TargetAttributes = {
					940EF3E72340C83B00D7AB59 = {
						CreatedOnToolsVersion = 10.3;
					};
					940EF3FB2340C85500D7AB59 = {
						CreatedOnToolsVersion = 10.3;
						TestTargetID = 940EF3E72340C83B00D7AB59;
					};
					940EF4062340C85500D7AB59 = {
						CreatedOnToolsVersion = 10.3;
						TestTargetID = 940EF3E72340C83B00D7AB59;
					};
				};
			};
			buildConfigurationList = 940EF3E32340C83B00D7AB59 /* Build configuration list for PBXProject "SampleWeatherApp" */;
			compatibilityVersion = "Xcode 9.3";
			developmentRegion = en;
			hasScannedForEncodings = 0;
			knownRegions = (
				en,
				Base,
			);
			mainGroup = 940EF3DF2340C83B00D7AB59;
			productRefGroup = 940EF3E92340C83B00D7AB59 /* Products */;
			projectDirPath = "";
			projectRoot = "";
			targets = (
				940EF3E72340C83B00D7AB59 /* SampleWeatherApp */,
				940EF3FB2340C85500D7AB59 /* SampleWeatherAppTests */,
				940EF4062340C85500D7AB59 /* SampleWeatherAppUITests */,
			);
		};
/* End PBXProject section */

/* Begin PBXResourcesBuildPhase section */
		940EF3E62340C83B00D7AB59 /* Resources */ = {
			isa = PBXResourcesBuildPhase;
			buildActionMask = 2147483647;
			files = (
				940EF4442340D9DE00D7AB59 /* ForecastViewController.storyboard in Resources */,
				940EF4422340D9B800D7AB59 /* CurrentWeatherViewController.storyboard in Resources */,
				940EF43A2340D8EF00D7AB59 /* TabBarViewController.storyboard in Resources */,
				940EF3F62340C85400D7AB59 /* LaunchScreen.storyboard in Resources */,
				940EF3F32340C85400D7AB59 /* Assets.xcassets in Resources */,
			);
			runOnlyForDeploymentPostprocessing = 0;
		};
		940EF3FA2340C85500D7AB59 /* Resources */ = {
			isa = PBXResourcesBuildPhase;
			buildActionMask = 2147483647;
			files = (
			);
			runOnlyForDeploymentPostprocessing = 0;
		};
		940EF4052340C85500D7AB59 /* Resources */ = {
			isa = PBXResourcesBuildPhase;
			buildActionMask = 2147483647;
			files = (
			);
			runOnlyForDeploymentPostprocessing = 0;
		};
/* End PBXResourcesBuildPhase section */

/* Begin PBXShellScriptBuildPhase section */
		1A4A7DDD9B61FD139276B452 /* [CP] Check Pods Manifest.lock */ = {
			isa = PBXShellScriptBuildPhase;
			buildActionMask = 2147483647;
			files = (
			);
			inputFileListPaths = (
			);
			inputPaths = (
				"${PODS_PODFILE_DIR_PATH}/Podfile.lock",
				"${PODS_ROOT}/Manifest.lock",
			);
			name = "[CP] Check Pods Manifest.lock";
			outputFileListPaths = (
			);
			outputPaths = (
				"$(DERIVED_FILE_DIR)/Pods-SampleWeatherApp-SampleWeatherAppTests-checkManifestLockResult.txt",
			);
			runOnlyForDeploymentPostprocessing = 0;
			shellPath = /bin/sh;
			shellScript = "diff \"${PODS_PODFILE_DIR_PATH}/Podfile.lock\" \"${PODS_ROOT}/Manifest.lock\" > /dev/null\nif [ $? != 0 ] ; then\n    # print error to STDERR\n    echo \"error: The sandbox is not in sync with the Podfile.lock. Run 'pod install' or update your CocoaPods installation.\" >&2\n    exit 1\nfi\n# This output is used by Xcode 'outputs' to avoid re-running this script phase.\necho \"SUCCESS\" > \"${SCRIPT_OUTPUT_FILE_0}\"\n";
			showEnvVarsInLog = 0;
		};
		33A33817A15BE2D16BB2D1DF /* [CP] Check Pods Manifest.lock */ = {
			isa = PBXShellScriptBuildPhase;
			buildActionMask = 2147483647;
			files = (
			);
			inputFileListPaths = (
			);
			inputPaths = (
				"${PODS_PODFILE_DIR_PATH}/Podfile.lock",
				"${PODS_ROOT}/Manifest.lock",
			);
			name = "[CP] Check Pods Manifest.lock";
			outputFileListPaths = (
			);
			outputPaths = (
				"$(DERIVED_FILE_DIR)/Pods-SampleWeatherApp-checkManifestLockResult.txt",
			);
			runOnlyForDeploymentPostprocessing = 0;
			shellPath = /bin/sh;
			shellScript = "diff \"${PODS_PODFILE_DIR_PATH}/Podfile.lock\" \"${PODS_ROOT}/Manifest.lock\" > /dev/null\nif [ $? != 0 ] ; then\n    # print error to STDERR\n    echo \"error: The sandbox is not in sync with the Podfile.lock. Run 'pod install' or update your CocoaPods installation.\" >&2\n    exit 1\nfi\n# This output is used by Xcode 'outputs' to avoid re-running this script phase.\necho \"SUCCESS\" > \"${SCRIPT_OUTPUT_FILE_0}\"\n";
			showEnvVarsInLog = 0;
		};
		49BC7262B2F4E598BB582B70 /* [CP] Embed Pods Frameworks */ = {
			isa = PBXShellScriptBuildPhase;
			buildActionMask = 2147483647;
			files = (
			);
			inputFileListPaths = (
			);
			inputPaths = (
				"${PODS_ROOT}/Target Support Files/Pods-SampleWeatherApp/Pods-SampleWeatherApp-frameworks.sh",
				"${BUILT_PRODUCTS_DIR}/Alamofire/Alamofire.framework",
				"${BUILT_PRODUCTS_DIR}/AlamofireImage/AlamofireImage.framework",
				"${BUILT_PRODUCTS_DIR}/SwiftyJSON/SwiftyJSON.framework",
			);
			name = "[CP] Embed Pods Frameworks";
			outputFileListPaths = (
			);
			outputPaths = (
				"${TARGET_BUILD_DIR}/${FRAMEWORKS_FOLDER_PATH}/Alamofire.framework",
				"${TARGET_BUILD_DIR}/${FRAMEWORKS_FOLDER_PATH}/AlamofireImage.framework",
				"${TARGET_BUILD_DIR}/${FRAMEWORKS_FOLDER_PATH}/SwiftyJSON.framework",
			);
			runOnlyForDeploymentPostprocessing = 0;
			shellPath = /bin/sh;
			shellScript = "\"${PODS_ROOT}/Target Support Files/Pods-SampleWeatherApp/Pods-SampleWeatherApp-frameworks.sh\"\n";
		};
		940EF4262340D48100D7AB59 /* Run Script - Swiftformat */ = {
			isa = PBXShellScriptBuildPhase;
			buildActionMask = 2147483647;
			files = (
			);
			inputFileListPaths = (
			);
			inputPaths = (
			);
			name = "Run Script - Swiftformat";
			outputFileListPaths = (
			);
			outputPaths = (
			);
			runOnlyForDeploymentPostprocessing = 0;
			shellPath = /bin/sh;
			shellScript = "podSwiftformat=\"${PODS_ROOT}/SwiftFormat/CommandLineTool/swiftformat\"\n\nif [ -f \"$podSwiftformat\" ]; \nthen $podSwiftformat .\nelse\necho \"warning: Cannot find SwiftFormat in the expected Cocoapods location.\"\nfi\n";
		};
		940EF4272340D4B900D7AB59 /* Run Script - SwiftLint */ = {
			isa = PBXShellScriptBuildPhase;
			buildActionMask = 2147483647;
			files = (
			);
			inputFileListPaths = (
			);
			inputPaths = (
			);
			name = "Run Script - SwiftLint";
			outputFileListPaths = (
			);
			outputPaths = (
			);
			runOnlyForDeploymentPostprocessing = 0;
			shellPath = /bin/sh;
			shellScript = "\"${PODS_ROOT}/SwiftLint/swiftlint\"\n";
		};
		DB4933CD34F32822247C143E /* [CP] Check Pods Manifest.lock */ = {
			isa = PBXShellScriptBuildPhase;
			buildActionMask = 2147483647;
			files = (
			);
			inputFileListPaths = (
			);
			inputPaths = (
				"${PODS_PODFILE_DIR_PATH}/Podfile.lock",
				"${PODS_ROOT}/Manifest.lock",
			);
			name = "[CP] Check Pods Manifest.lock";
			outputFileListPaths = (
			);
			outputPaths = (
				"$(DERIVED_FILE_DIR)/Pods-SampleWeatherApp-SampleWeatherAppUITests-checkManifestLockResult.txt",
			);
			runOnlyForDeploymentPostprocessing = 0;
			shellPath = /bin/sh;
			shellScript = "diff \"${PODS_PODFILE_DIR_PATH}/Podfile.lock\" \"${PODS_ROOT}/Manifest.lock\" > /dev/null\nif [ $? != 0 ] ; then\n    # print error to STDERR\n    echo \"error: The sandbox is not in sync with the Podfile.lock. Run 'pod install' or update your CocoaPods installation.\" >&2\n    exit 1\nfi\n# This output is used by Xcode 'outputs' to avoid re-running this script phase.\necho \"SUCCESS\" > \"${SCRIPT_OUTPUT_FILE_0}\"\n";
			showEnvVarsInLog = 0;
		};
		E6EDFDD51B7832647C03FDCD /* [CP] Embed Pods Frameworks */ = {
			isa = PBXShellScriptBuildPhase;
			buildActionMask = 2147483647;
			files = (
			);
			inputFileListPaths = (
			);
			inputPaths = (
				"${PODS_ROOT}/Target Support Files/Pods-SampleWeatherApp-SampleWeatherAppTests/Pods-SampleWeatherApp-SampleWeatherAppTests-frameworks.sh",
				"${BUILT_PRODUCTS_DIR}/Alamofire/Alamofire.framework",
				"${BUILT_PRODUCTS_DIR}/AlamofireImage/AlamofireImage.framework",
				"${BUILT_PRODUCTS_DIR}/SwiftyJSON/SwiftyJSON.framework",
			);
			name = "[CP] Embed Pods Frameworks";
			outputFileListPaths = (
			);
			outputPaths = (
				"${TARGET_BUILD_DIR}/${FRAMEWORKS_FOLDER_PATH}/Alamofire.framework",
				"${TARGET_BUILD_DIR}/${FRAMEWORKS_FOLDER_PATH}/AlamofireImage.framework",
				"${TARGET_BUILD_DIR}/${FRAMEWORKS_FOLDER_PATH}/SwiftyJSON.framework",
			);
			runOnlyForDeploymentPostprocessing = 0;
			shellPath = /bin/sh;
			shellScript = "\"${PODS_ROOT}/Target Support Files/Pods-SampleWeatherApp-SampleWeatherAppTests/Pods-SampleWeatherApp-SampleWeatherAppTests-frameworks.sh\"\n";
			showEnvVarsInLog = 0;
		};
		FC671953B43FDE33842DD162 /* [CP] Embed Pods Frameworks */ = {
			isa = PBXShellScriptBuildPhase;
			buildActionMask = 2147483647;
			files = (
			);
			inputFileListPaths = (
			);
			inputPaths = (
				"${PODS_ROOT}/Target Support Files/Pods-SampleWeatherApp-SampleWeatherAppUITests/Pods-SampleWeatherApp-SampleWeatherAppUITests-frameworks.sh",
				"${BUILT_PRODUCTS_DIR}/Alamofire/Alamofire.framework",
				"${BUILT_PRODUCTS_DIR}/AlamofireImage/AlamofireImage.framework",
				"${BUILT_PRODUCTS_DIR}/SwiftyJSON/SwiftyJSON.framework",
			);
			name = "[CP] Embed Pods Frameworks";
			outputFileListPaths = (
			);
			outputPaths = (
				"${TARGET_BUILD_DIR}/${FRAMEWORKS_FOLDER_PATH}/Alamofire.framework",
				"${TARGET_BUILD_DIR}/${FRAMEWORKS_FOLDER_PATH}/AlamofireImage.framework",
				"${TARGET_BUILD_DIR}/${FRAMEWORKS_FOLDER_PATH}/SwiftyJSON.framework",
			);
			runOnlyForDeploymentPostprocessing = 0;
			shellPath = /bin/sh;
			shellScript = "\"${PODS_ROOT}/Target Support Files/Pods-SampleWeatherApp-SampleWeatherAppUITests/Pods-SampleWeatherApp-SampleWeatherAppUITests-frameworks.sh\"\n";
			showEnvVarsInLog = 0;
		};
/* End PBXShellScriptBuildPhase section */

/* Begin PBXSourcesBuildPhase section */
		940EF3E42340C83B00D7AB59 /* Sources */ = {
			isa = PBXSourcesBuildPhase;
			buildActionMask = 2147483647;
			files = (
				940EF42D2340D73A00D7AB59 /* DefaultDependencyContainer.swift in Sources */,
				940EF45F2341098800D7AB59 /* Extensions.swift in Sources */,
				940EF4402340D98D00D7AB59 /* CurrentWeatherViewController.swift in Sources */,
				940EF45C234108F000D7AB59 /* ForecastWeather.swift in Sources */,
				940EF46123415FBB00D7AB59 /* iOSDevCenters+GIF.swift in Sources */,
				940EF45A2341088B00D7AB59 /* CurrentWeather.swift in Sources */,
				940EF4342340D7BA00D7AB59 /* CurrentWeatherCoordinator.swift in Sources */,
				940EF42B2340D70900D7AB59 /* DependencyResolving.swift in Sources */,
				940EF3EC2340C83B00D7AB59 /* AppDelegate.swift in Sources */,
				940EF4382340D8D700D7AB59 /* TabBarViewController.swift in Sources */,
				940EF4552341081800D7AB59 /* APIManager.swift in Sources */,
				940EF4582341086B00D7AB59 /* Location.swift in Sources */,
				940EF4302340D77600D7AB59 /* Coordinating.swift in Sources */,
				940EF4362340D7E700D7AB59 /* ForecastCoordinator.swift in Sources */,
				940EF4252340CB7100D7AB59 /* EnvironmentConfiguration.swift in Sources */,
				940EF4482340DA3600D7AB59 /* BlankNavigationViewController.swift in Sources */,
				940EF4322340D78F00D7AB59 /* RootCoordinator.swift in Sources */,
				940EF44C2340E53D00D7AB59 /* ForecastCell.swift in Sources */,
				940EF4462340D9FE00D7AB59 /* ForecastViewController.swift in Sources */,
			);
			runOnlyForDeploymentPostprocessing = 0;
		};
		940EF3F82340C85500D7AB59 /* Sources */ = {
			isa = PBXSourcesBuildPhase;
			buildActionMask = 2147483647;
			files = (
				940EF4012340C85500D7AB59 /* SampleWeatherAppTests.swift in Sources */,
			);
			runOnlyForDeploymentPostprocessing = 0;
		};
		940EF4032340C85500D7AB59 /* Sources */ = {
			isa = PBXSourcesBuildPhase;
			buildActionMask = 2147483647;
			files = (
				940EF40C2340C85500D7AB59 /* SampleWeatherAppUITests.swift in Sources */,
			);
			runOnlyForDeploymentPostprocessing = 0;
		};
/* End PBXSourcesBuildPhase section */

/* Begin PBXTargetDependency section */
		940EF3FE2340C85500D7AB59 /* PBXTargetDependency */ = {
			isa = PBXTargetDependency;
			target = 940EF3E72340C83B00D7AB59 /* SampleWeatherApp */;
			targetProxy = 940EF3FD2340C85500D7AB59 /* PBXContainerItemProxy */;
		};
		940EF4092340C85500D7AB59 /* PBXTargetDependency */ = {
			isa = PBXTargetDependency;
			target = 940EF3E72340C83B00D7AB59 /* SampleWeatherApp */;
			targetProxy = 940EF4082340C85500D7AB59 /* PBXContainerItemProxy */;
		};
/* End PBXTargetDependency section */

/* Begin PBXVariantGroup section */
		940EF3F42340C85400D7AB59 /* LaunchScreen.storyboard */ = {
			isa = PBXVariantGroup;
			children = (
				940EF3F52340C85400D7AB59 /* Base */,
			);
			name = LaunchScreen.storyboard;
			sourceTree = "<group>";
		};
/* End PBXVariantGroup section */

/* Begin XCBuildConfiguration section */
		940EF40E2340C85500D7AB59 /* Debug development */ = {
			isa = XCBuildConfiguration;
			baseConfigurationReference = 940EF4222340CA4B00D7AB59 /* Development.xcconfig */;
			buildSettings = {
				ALWAYS_SEARCH_USER_PATHS = NO;
				CLANG_ANALYZER_NONNULL = YES;
				CLANG_ANALYZER_NUMBER_OBJECT_CONVERSION = YES_AGGRESSIVE;
				CLANG_CXX_LANGUAGE_STANDARD = "gnu++14";
				CLANG_CXX_LIBRARY = "libc++";
				CLANG_ENABLE_MODULES = YES;
				CLANG_ENABLE_OBJC_ARC = YES;
				CLANG_ENABLE_OBJC_WEAK = YES;
				CLANG_WARN_BLOCK_CAPTURE_AUTORELEASING = YES;
				CLANG_WARN_BOOL_CONVERSION = YES;
				CLANG_WARN_COMMA = YES;
				CLANG_WARN_CONSTANT_CONVERSION = YES;
				CLANG_WARN_DEPRECATED_OBJC_IMPLEMENTATIONS = YES;
				CLANG_WARN_DIRECT_OBJC_ISA_USAGE = YES_ERROR;
				CLANG_WARN_DOCUMENTATION_COMMENTS = YES;
				CLANG_WARN_EMPTY_BODY = YES;
				CLANG_WARN_ENUM_CONVERSION = YES;
				CLANG_WARN_INFINITE_RECURSION = YES;
				CLANG_WARN_INT_CONVERSION = YES;
				CLANG_WARN_NON_LITERAL_NULL_CONVERSION = YES;
				CLANG_WARN_OBJC_IMPLICIT_RETAIN_SELF = YES;
				CLANG_WARN_OBJC_LITERAL_CONVERSION = YES;
				CLANG_WARN_OBJC_ROOT_CLASS = YES_ERROR;
				CLANG_WARN_RANGE_LOOP_ANALYSIS = YES;
				CLANG_WARN_STRICT_PROTOTYPES = YES;
				CLANG_WARN_SUSPICIOUS_MOVE = YES;
				CLANG_WARN_UNGUARDED_AVAILABILITY = YES_AGGRESSIVE;
				CLANG_WARN_UNREACHABLE_CODE = YES;
				CLANG_WARN__DUPLICATE_METHOD_MATCH = YES;
				CODE_SIGN_IDENTITY = "iPhone Developer";
				COPY_PHASE_STRIP = NO;
				DEBUG_INFORMATION_FORMAT = dwarf;
				ENABLE_STRICT_OBJC_MSGSEND = YES;
				ENABLE_TESTABILITY = YES;
				GCC_C_LANGUAGE_STANDARD = gnu11;
				GCC_DYNAMIC_NO_PIC = NO;
				GCC_NO_COMMON_BLOCKS = YES;
				GCC_OPTIMIZATION_LEVEL = 0;
				GCC_PREPROCESSOR_DEFINITIONS = (
					"DEBUG=1",
					"$(inherited)",
				);
				GCC_WARN_64_TO_32_BIT_CONVERSION = YES;
				GCC_WARN_ABOUT_RETURN_TYPE = YES_ERROR;
				GCC_WARN_UNDECLARED_SELECTOR = YES;
				GCC_WARN_UNINITIALIZED_AUTOS = YES_AGGRESSIVE;
				GCC_WARN_UNUSED_FUNCTION = YES;
				GCC_WARN_UNUSED_VARIABLE = YES;
				IPHONEOS_DEPLOYMENT_TARGET = 12.4;
				MTL_ENABLE_DEBUG_INFO = INCLUDE_SOURCE;
				MTL_FAST_MATH = YES;
				ONLY_ACTIVE_ARCH = YES;
				SDKROOT = iphoneos;
				SWIFT_ACTIVE_COMPILATION_CONDITIONS = DEBUG;
				SWIFT_OPTIMIZATION_LEVEL = "-Onone";
			};
			name = "Debug development";
		};
		940EF40F2340C85500D7AB59 /* Release development */ = {
			isa = XCBuildConfiguration;
			baseConfigurationReference = 940EF4222340CA4B00D7AB59 /* Development.xcconfig */;
			buildSettings = {
				ALWAYS_SEARCH_USER_PATHS = NO;
				CLANG_ANALYZER_NONNULL = YES;
				CLANG_ANALYZER_NUMBER_OBJECT_CONVERSION = YES_AGGRESSIVE;
				CLANG_CXX_LANGUAGE_STANDARD = "gnu++14";
				CLANG_CXX_LIBRARY = "libc++";
				CLANG_ENABLE_MODULES = YES;
				CLANG_ENABLE_OBJC_ARC = YES;
				CLANG_ENABLE_OBJC_WEAK = YES;
				CLANG_WARN_BLOCK_CAPTURE_AUTORELEASING = YES;
				CLANG_WARN_BOOL_CONVERSION = YES;
				CLANG_WARN_COMMA = YES;
				CLANG_WARN_CONSTANT_CONVERSION = YES;
				CLANG_WARN_DEPRECATED_OBJC_IMPLEMENTATIONS = YES;
				CLANG_WARN_DIRECT_OBJC_ISA_USAGE = YES_ERROR;
				CLANG_WARN_DOCUMENTATION_COMMENTS = YES;
				CLANG_WARN_EMPTY_BODY = YES;
				CLANG_WARN_ENUM_CONVERSION = YES;
				CLANG_WARN_INFINITE_RECURSION = YES;
				CLANG_WARN_INT_CONVERSION = YES;
				CLANG_WARN_NON_LITERAL_NULL_CONVERSION = YES;
				CLANG_WARN_OBJC_IMPLICIT_RETAIN_SELF = YES;
				CLANG_WARN_OBJC_LITERAL_CONVERSION = YES;
				CLANG_WARN_OBJC_ROOT_CLASS = YES_ERROR;
				CLANG_WARN_RANGE_LOOP_ANALYSIS = YES;
				CLANG_WARN_STRICT_PROTOTYPES = YES;
				CLANG_WARN_SUSPICIOUS_MOVE = YES;
				CLANG_WARN_UNGUARDED_AVAILABILITY = YES_AGGRESSIVE;
				CLANG_WARN_UNREACHABLE_CODE = YES;
				CLANG_WARN__DUPLICATE_METHOD_MATCH = YES;
				CODE_SIGN_IDENTITY = "iPhone Developer";
				COPY_PHASE_STRIP = NO;
				DEBUG_INFORMATION_FORMAT = "dwarf-with-dsym";
				ENABLE_NS_ASSERTIONS = NO;
				ENABLE_STRICT_OBJC_MSGSEND = YES;
				GCC_C_LANGUAGE_STANDARD = gnu11;
				GCC_NO_COMMON_BLOCKS = YES;
				GCC_WARN_64_TO_32_BIT_CONVERSION = YES;
				GCC_WARN_ABOUT_RETURN_TYPE = YES_ERROR;
				GCC_WARN_UNDECLARED_SELECTOR = YES;
				GCC_WARN_UNINITIALIZED_AUTOS = YES_AGGRESSIVE;
				GCC_WARN_UNUSED_FUNCTION = YES;
				GCC_WARN_UNUSED_VARIABLE = YES;
				IPHONEOS_DEPLOYMENT_TARGET = 12.4;
				MTL_ENABLE_DEBUG_INFO = NO;
				MTL_FAST_MATH = YES;
				SDKROOT = iphoneos;
				SWIFT_COMPILATION_MODE = wholemodule;
				SWIFT_OPTIMIZATION_LEVEL = "-O";
				VALIDATE_PRODUCT = YES;
			};
			name = "Release development";
		};
		940EF4112340C85500D7AB59 /* Debug development */ = {
			isa = XCBuildConfiguration;
			baseConfigurationReference = 1F7FA589944F305C38A65AE3 /* Pods-SampleWeatherApp.debug development.xcconfig */;
			buildSettings = {
				ASSETCATALOG_COMPILER_APPICON_NAME = AppIcon;
				CODE_SIGN_STYLE = Automatic;
				DEVELOPMENT_TEAM = 77RR73A2P9;
				INFOPLIST_FILE = "$(SRCROOT)/Info.plist";
				LD_RUNPATH_SEARCH_PATHS = (
					"$(inherited)",
					"@executable_path/Frameworks",
				);
				PRODUCT_BUNDLE_IDENTIFIER = com.Renata.SampleWeatherApp;
				PRODUCT_NAME = "$(TARGET_NAME)";
				SWIFT_VERSION = 5.0;
				TARGETED_DEVICE_FAMILY = "1,2";
			};
			name = "Debug development";
		};
		940EF4122340C85500D7AB59 /* Release development */ = {
			isa = XCBuildConfiguration;
			baseConfigurationReference = 417F05C9847D5BB9F8325AB2 /* Pods-SampleWeatherApp.release development.xcconfig */;
			buildSettings = {
				ASSETCATALOG_COMPILER_APPICON_NAME = AppIcon;
				CODE_SIGN_STYLE = Automatic;
				DEVELOPMENT_TEAM = 77RR73A2P9;
				INFOPLIST_FILE = "$(SRCROOT)/Info.plist";
				LD_RUNPATH_SEARCH_PATHS = (
					"$(inherited)",
					"@executable_path/Frameworks",
				);
				PRODUCT_BUNDLE_IDENTIFIER = com.Renata.SampleWeatherApp;
				PRODUCT_NAME = "$(TARGET_NAME)";
				SWIFT_VERSION = 5.0;
				TARGETED_DEVICE_FAMILY = "1,2";
			};
			name = "Release development";
		};
		940EF4142340C85500D7AB59 /* Debug development */ = {
			isa = XCBuildConfiguration;
			baseConfigurationReference = 6E8FAD506C1047085E0F9F66 /* Pods-SampleWeatherApp-SampleWeatherAppTests.debug development.xcconfig */;
			buildSettings = {
				ALWAYS_EMBED_SWIFT_STANDARD_LIBRARIES = YES;
				BUNDLE_LOADER = "$(TEST_HOST)";
				CODE_SIGN_STYLE = Automatic;
				DEVELOPMENT_TEAM = 77RR73A2P9;
				INFOPLIST_FILE = SampleWeatherAppTests/Info.plist;
				LD_RUNPATH_SEARCH_PATHS = (
					"$(inherited)",
					"@executable_path/Frameworks",
					"@loader_path/Frameworks",
				);
				PRODUCT_BUNDLE_IDENTIFIER = com.Renata.SampleWeatherAppTests;
				PRODUCT_NAME = "$(TARGET_NAME)";
				SWIFT_VERSION = 5.0;
				TARGETED_DEVICE_FAMILY = "1,2";
				TEST_HOST = "$(BUILT_PRODUCTS_DIR)/SampleWeatherApp.app/SampleWeatherApp";
			};
			name = "Debug development";
		};
		940EF4152340C85500D7AB59 /* Release development */ = {
			isa = XCBuildConfiguration;
			baseConfigurationReference = 4BD9994E4C9DD342585A8DC8 /* Pods-SampleWeatherApp-SampleWeatherAppTests.release development.xcconfig */;
			buildSettings = {
				ALWAYS_EMBED_SWIFT_STANDARD_LIBRARIES = YES;
				BUNDLE_LOADER = "$(TEST_HOST)";
				CODE_SIGN_STYLE = Automatic;
				DEVELOPMENT_TEAM = 77RR73A2P9;
				INFOPLIST_FILE = SampleWeatherAppTests/Info.plist;
				LD_RUNPATH_SEARCH_PATHS = (
					"$(inherited)",
					"@executable_path/Frameworks",
					"@loader_path/Frameworks",
				);
				PRODUCT_BUNDLE_IDENTIFIER = com.Renata.SampleWeatherAppTests;
				PRODUCT_NAME = "$(TARGET_NAME)";
				SWIFT_VERSION = 5.0;
				TARGETED_DEVICE_FAMILY = "1,2";
				TEST_HOST = "$(BUILT_PRODUCTS_DIR)/SampleWeatherApp.app/SampleWeatherApp";
			};
			name = "Release development";
		};
		940EF4172340C85500D7AB59 /* Debug development */ = {
			isa = XCBuildConfiguration;
			baseConfigurationReference = D8F0B2CC38976AAAA78A01C0 /* Pods-SampleWeatherApp-SampleWeatherAppUITests.debug development.xcconfig */;
			buildSettings = {
				ALWAYS_EMBED_SWIFT_STANDARD_LIBRARIES = YES;
				CODE_SIGN_STYLE = Automatic;
				DEVELOPMENT_TEAM = 77RR73A2P9;
				INFOPLIST_FILE = SampleWeatherAppUITests/Info.plist;
				LD_RUNPATH_SEARCH_PATHS = (
					"$(inherited)",
					"@executable_path/Frameworks",
					"@loader_path/Frameworks",
				);
				PRODUCT_BUNDLE_IDENTIFIER = com.Renata.SampleWeatherAppUITests;
				PRODUCT_NAME = "$(TARGET_NAME)";
				SWIFT_VERSION = 5.0;
				TARGETED_DEVICE_FAMILY = "1,2";
				TEST_TARGET_NAME = SampleWeatherApp;
			};
			name = "Debug development";
		};
		940EF4182340C85500D7AB59 /* Release development */ = {
			isa = XCBuildConfiguration;
			baseConfigurationReference = 55EC05C5C84B348E2A8E6F98 /* Pods-SampleWeatherApp-SampleWeatherAppUITests.release development.xcconfig */;
			buildSettings = {
				ALWAYS_EMBED_SWIFT_STANDARD_LIBRARIES = YES;
				CODE_SIGN_STYLE = Automatic;
				DEVELOPMENT_TEAM = 77RR73A2P9;
				INFOPLIST_FILE = SampleWeatherAppUITests/Info.plist;
				LD_RUNPATH_SEARCH_PATHS = (
					"$(inherited)",
					"@executable_path/Frameworks",
					"@loader_path/Frameworks",
				);
				PRODUCT_BUNDLE_IDENTIFIER = com.Renata.SampleWeatherAppUITests;
				PRODUCT_NAME = "$(TARGET_NAME)";
				SWIFT_VERSION = 5.0;
				TARGETED_DEVICE_FAMILY = "1,2";
				TEST_TARGET_NAME = SampleWeatherApp;
			};
			name = "Release development";
		};
		940EF4192340C96F00D7AB59 /* Debug production */ = {
			isa = XCBuildConfiguration;
			baseConfigurationReference = 940EF4232340CAA900D7AB59 /* Production.xcconfig */;
			buildSettings = {
				ALWAYS_SEARCH_USER_PATHS = NO;
				CLANG_ANALYZER_NONNULL = YES;
				CLANG_ANALYZER_NUMBER_OBJECT_CONVERSION = YES_AGGRESSIVE;
				CLANG_CXX_LANGUAGE_STANDARD = "gnu++14";
				CLANG_CXX_LIBRARY = "libc++";
				CLANG_ENABLE_MODULES = YES;
				CLANG_ENABLE_OBJC_ARC = YES;
				CLANG_ENABLE_OBJC_WEAK = YES;
				CLANG_WARN_BLOCK_CAPTURE_AUTORELEASING = YES;
				CLANG_WARN_BOOL_CONVERSION = YES;
				CLANG_WARN_COMMA = YES;
				CLANG_WARN_CONSTANT_CONVERSION = YES;
				CLANG_WARN_DEPRECATED_OBJC_IMPLEMENTATIONS = YES;
				CLANG_WARN_DIRECT_OBJC_ISA_USAGE = YES_ERROR;
				CLANG_WARN_DOCUMENTATION_COMMENTS = YES;
				CLANG_WARN_EMPTY_BODY = YES;
				CLANG_WARN_ENUM_CONVERSION = YES;
				CLANG_WARN_INFINITE_RECURSION = YES;
				CLANG_WARN_INT_CONVERSION = YES;
				CLANG_WARN_NON_LITERAL_NULL_CONVERSION = YES;
				CLANG_WARN_OBJC_IMPLICIT_RETAIN_SELF = YES;
				CLANG_WARN_OBJC_LITERAL_CONVERSION = YES;
				CLANG_WARN_OBJC_ROOT_CLASS = YES_ERROR;
				CLANG_WARN_RANGE_LOOP_ANALYSIS = YES;
				CLANG_WARN_STRICT_PROTOTYPES = YES;
				CLANG_WARN_SUSPICIOUS_MOVE = YES;
				CLANG_WARN_UNGUARDED_AVAILABILITY = YES_AGGRESSIVE;
				CLANG_WARN_UNREACHABLE_CODE = YES;
				CLANG_WARN__DUPLICATE_METHOD_MATCH = YES;
				CODE_SIGN_IDENTITY = "iPhone Developer";
				COPY_PHASE_STRIP = NO;
				DEBUG_INFORMATION_FORMAT = dwarf;
				ENABLE_STRICT_OBJC_MSGSEND = YES;
				ENABLE_TESTABILITY = YES;
				GCC_C_LANGUAGE_STANDARD = gnu11;
				GCC_DYNAMIC_NO_PIC = NO;
				GCC_NO_COMMON_BLOCKS = YES;
				GCC_OPTIMIZATION_LEVEL = 0;
				GCC_PREPROCESSOR_DEFINITIONS = (
					"DEBUG=1",
					"$(inherited)",
				);
				GCC_WARN_64_TO_32_BIT_CONVERSION = YES;
				GCC_WARN_ABOUT_RETURN_TYPE = YES_ERROR;
				GCC_WARN_UNDECLARED_SELECTOR = YES;
				GCC_WARN_UNINITIALIZED_AUTOS = YES_AGGRESSIVE;
				GCC_WARN_UNUSED_FUNCTION = YES;
				GCC_WARN_UNUSED_VARIABLE = YES;
				IPHONEOS_DEPLOYMENT_TARGET = 12.4;
				MTL_ENABLE_DEBUG_INFO = INCLUDE_SOURCE;
				MTL_FAST_MATH = YES;
				ONLY_ACTIVE_ARCH = YES;
				SDKROOT = iphoneos;
				SWIFT_ACTIVE_COMPILATION_CONDITIONS = DEBUG;
				SWIFT_OPTIMIZATION_LEVEL = "-Onone";
			};
			name = "Debug production";
		};
		940EF41A2340C96F00D7AB59 /* Debug production */ = {
			isa = XCBuildConfiguration;
			baseConfigurationReference = 909BCEA19F10A6E73872DAF9 /* Pods-SampleWeatherApp.debug production.xcconfig */;
			buildSettings = {
				ASSETCATALOG_COMPILER_APPICON_NAME = AppIcon;
				CODE_SIGN_STYLE = Automatic;
				DEVELOPMENT_TEAM = 77RR73A2P9;
				INFOPLIST_FILE = "$(SRCROOT)/Info.plist";
				LD_RUNPATH_SEARCH_PATHS = (
					"$(inherited)",
					"@executable_path/Frameworks",
				);
				PRODUCT_BUNDLE_IDENTIFIER = com.Renata.SampleWeatherApp;
				PRODUCT_NAME = "$(TARGET_NAME)";
				SWIFT_VERSION = 5.0;
				TARGETED_DEVICE_FAMILY = "1,2";
			};
			name = "Debug production";
		};
		940EF41B2340C96F00D7AB59 /* Debug production */ = {
			isa = XCBuildConfiguration;
			baseConfigurationReference = A9B4DD7DCD82C6C2F90C468E /* Pods-SampleWeatherApp-SampleWeatherAppTests.debug production.xcconfig */;
			buildSettings = {
				ALWAYS_EMBED_SWIFT_STANDARD_LIBRARIES = YES;
				BUNDLE_LOADER = "$(TEST_HOST)";
				CODE_SIGN_STYLE = Automatic;
				DEVELOPMENT_TEAM = 77RR73A2P9;
				INFOPLIST_FILE = SampleWeatherAppTests/Info.plist;
				LD_RUNPATH_SEARCH_PATHS = (
					"$(inherited)",
					"@executable_path/Frameworks",
					"@loader_path/Frameworks",
				);
				PRODUCT_BUNDLE_IDENTIFIER = com.Renata.SampleWeatherAppTests;
				PRODUCT_NAME = "$(TARGET_NAME)";
				SWIFT_VERSION = 5.0;
				TARGETED_DEVICE_FAMILY = "1,2";
				TEST_HOST = "$(BUILT_PRODUCTS_DIR)/SampleWeatherApp.app/SampleWeatherApp";
			};
			name = "Debug production";
		};
		940EF41C2340C96F00D7AB59 /* Debug production */ = {
			isa = XCBuildConfiguration;
			baseConfigurationReference = 7D780C3AD02B9E18AD4F1ECD /* Pods-SampleWeatherApp-SampleWeatherAppUITests.debug production.xcconfig */;
			buildSettings = {
				ALWAYS_EMBED_SWIFT_STANDARD_LIBRARIES = YES;
				CODE_SIGN_STYLE = Automatic;
				DEVELOPMENT_TEAM = 77RR73A2P9;
				INFOPLIST_FILE = SampleWeatherAppUITests/Info.plist;
				LD_RUNPATH_SEARCH_PATHS = (
					"$(inherited)",
					"@executable_path/Frameworks",
					"@loader_path/Frameworks",
				);
				PRODUCT_BUNDLE_IDENTIFIER = com.Renata.SampleWeatherAppUITests;
				PRODUCT_NAME = "$(TARGET_NAME)";
				SWIFT_VERSION = 5.0;
				TARGETED_DEVICE_FAMILY = "1,2";
				TEST_TARGET_NAME = SampleWeatherApp;
			};
			name = "Debug production";
		};
		940EF41D2340C98A00D7AB59 /* Release production */ = {
			isa = XCBuildConfiguration;
			baseConfigurationReference = 940EF4232340CAA900D7AB59 /* Production.xcconfig */;
			buildSettings = {
				ALWAYS_SEARCH_USER_PATHS = NO;
				CLANG_ANALYZER_NONNULL = YES;
				CLANG_ANALYZER_NUMBER_OBJECT_CONVERSION = YES_AGGRESSIVE;
				CLANG_CXX_LANGUAGE_STANDARD = "gnu++14";
				CLANG_CXX_LIBRARY = "libc++";
				CLANG_ENABLE_MODULES = YES;
				CLANG_ENABLE_OBJC_ARC = YES;
				CLANG_ENABLE_OBJC_WEAK = YES;
				CLANG_WARN_BLOCK_CAPTURE_AUTORELEASING = YES;
				CLANG_WARN_BOOL_CONVERSION = YES;
				CLANG_WARN_COMMA = YES;
				CLANG_WARN_CONSTANT_CONVERSION = YES;
				CLANG_WARN_DEPRECATED_OBJC_IMPLEMENTATIONS = YES;
				CLANG_WARN_DIRECT_OBJC_ISA_USAGE = YES_ERROR;
				CLANG_WARN_DOCUMENTATION_COMMENTS = YES;
				CLANG_WARN_EMPTY_BODY = YES;
				CLANG_WARN_ENUM_CONVERSION = YES;
				CLANG_WARN_INFINITE_RECURSION = YES;
				CLANG_WARN_INT_CONVERSION = YES;
				CLANG_WARN_NON_LITERAL_NULL_CONVERSION = YES;
				CLANG_WARN_OBJC_IMPLICIT_RETAIN_SELF = YES;
				CLANG_WARN_OBJC_LITERAL_CONVERSION = YES;
				CLANG_WARN_OBJC_ROOT_CLASS = YES_ERROR;
				CLANG_WARN_RANGE_LOOP_ANALYSIS = YES;
				CLANG_WARN_STRICT_PROTOTYPES = YES;
				CLANG_WARN_SUSPICIOUS_MOVE = YES;
				CLANG_WARN_UNGUARDED_AVAILABILITY = YES_AGGRESSIVE;
				CLANG_WARN_UNREACHABLE_CODE = YES;
				CLANG_WARN__DUPLICATE_METHOD_MATCH = YES;
				CODE_SIGN_IDENTITY = "iPhone Developer";
				COPY_PHASE_STRIP = NO;
				DEBUG_INFORMATION_FORMAT = "dwarf-with-dsym";
				ENABLE_NS_ASSERTIONS = NO;
				ENABLE_STRICT_OBJC_MSGSEND = YES;
				GCC_C_LANGUAGE_STANDARD = gnu11;
				GCC_NO_COMMON_BLOCKS = YES;
				GCC_WARN_64_TO_32_BIT_CONVERSION = YES;
				GCC_WARN_ABOUT_RETURN_TYPE = YES_ERROR;
				GCC_WARN_UNDECLARED_SELECTOR = YES;
				GCC_WARN_UNINITIALIZED_AUTOS = YES_AGGRESSIVE;
				GCC_WARN_UNUSED_FUNCTION = YES;
				GCC_WARN_UNUSED_VARIABLE = YES;
				IPHONEOS_DEPLOYMENT_TARGET = 12.4;
				MTL_ENABLE_DEBUG_INFO = NO;
				MTL_FAST_MATH = YES;
				SDKROOT = iphoneos;
				SWIFT_COMPILATION_MODE = wholemodule;
				SWIFT_OPTIMIZATION_LEVEL = "-O";
				VALIDATE_PRODUCT = YES;
			};
			name = "Release production";
		};
		940EF41E2340C98A00D7AB59 /* Release production */ = {
			isa = XCBuildConfiguration;
			baseConfigurationReference = 5E4A15DDC673F1B52718684C /* Pods-SampleWeatherApp.release production.xcconfig */;
			buildSettings = {
				ASSETCATALOG_COMPILER_APPICON_NAME = AppIcon;
				CODE_SIGN_STYLE = Automatic;
				DEVELOPMENT_TEAM = 77RR73A2P9;
				INFOPLIST_FILE = "$(SRCROOT)/Info.plist";
				LD_RUNPATH_SEARCH_PATHS = (
					"$(inherited)",
					"@executable_path/Frameworks",
				);
				PRODUCT_BUNDLE_IDENTIFIER = com.Renata.SampleWeatherApp;
				PRODUCT_NAME = "$(TARGET_NAME)";
				SWIFT_VERSION = 5.0;
				TARGETED_DEVICE_FAMILY = "1,2";
			};
			name = "Release production";
		};
		940EF41F2340C98A00D7AB59 /* Release production */ = {
			isa = XCBuildConfiguration;
			baseConfigurationReference = 2527638CB1EA900908761E5B /* Pods-SampleWeatherApp-SampleWeatherAppTests.release production.xcconfig */;
			buildSettings = {
				ALWAYS_EMBED_SWIFT_STANDARD_LIBRARIES = YES;
				BUNDLE_LOADER = "$(TEST_HOST)";
				CODE_SIGN_STYLE = Automatic;
				DEVELOPMENT_TEAM = 77RR73A2P9;
				INFOPLIST_FILE = SampleWeatherAppTests/Info.plist;
				LD_RUNPATH_SEARCH_PATHS = (
					"$(inherited)",
					"@executable_path/Frameworks",
					"@loader_path/Frameworks",
				);
				PRODUCT_BUNDLE_IDENTIFIER = com.Renata.SampleWeatherAppTests;
				PRODUCT_NAME = "$(TARGET_NAME)";
				SWIFT_VERSION = 5.0;
				TARGETED_DEVICE_FAMILY = "1,2";
				TEST_HOST = "$(BUILT_PRODUCTS_DIR)/SampleWeatherApp.app/SampleWeatherApp";
			};
			name = "Release production";
		};
		940EF4202340C98A00D7AB59 /* Release production */ = {
			isa = XCBuildConfiguration;
			baseConfigurationReference = 9570A6F8BE86C39098BBBF91 /* Pods-SampleWeatherApp-SampleWeatherAppUITests.release production.xcconfig */;
			buildSettings = {
				ALWAYS_EMBED_SWIFT_STANDARD_LIBRARIES = YES;
				CODE_SIGN_STYLE = Automatic;
				DEVELOPMENT_TEAM = 77RR73A2P9;
				INFOPLIST_FILE = SampleWeatherAppUITests/Info.plist;
				LD_RUNPATH_SEARCH_PATHS = (
					"$(inherited)",
					"@executable_path/Frameworks",
					"@loader_path/Frameworks",
				);
				PRODUCT_BUNDLE_IDENTIFIER = com.Renata.SampleWeatherAppUITests;
				PRODUCT_NAME = "$(TARGET_NAME)";
				SWIFT_VERSION = 5.0;
				TARGETED_DEVICE_FAMILY = "1,2";
				TEST_TARGET_NAME = SampleWeatherApp;
			};
			name = "Release production";
		};
/* End XCBuildConfiguration section */

/* Begin XCConfigurationList section */
		940EF3E32340C83B00D7AB59 /* Build configuration list for PBXProject "SampleWeatherApp" */ = {
			isa = XCConfigurationList;
			buildConfigurations = (
				940EF40E2340C85500D7AB59 /* Debug development */,
				940EF4192340C96F00D7AB59 /* Debug production */,
				940EF40F2340C85500D7AB59 /* Release development */,
				940EF41D2340C98A00D7AB59 /* Release production */,
			);
			defaultConfigurationIsVisible = 0;
			defaultConfigurationName = "Release development";
		};
		940EF4102340C85500D7AB59 /* Build configuration list for PBXNativeTarget "SampleWeatherApp" */ = {
			isa = XCConfigurationList;
			buildConfigurations = (
				940EF4112340C85500D7AB59 /* Debug development */,
				940EF41A2340C96F00D7AB59 /* Debug production */,
				940EF4122340C85500D7AB59 /* Release development */,
				940EF41E2340C98A00D7AB59 /* Release production */,
			);
			defaultConfigurationIsVisible = 0;
			defaultConfigurationName = "Release development";
		};
		940EF4132340C85500D7AB59 /* Build configuration list for PBXNativeTarget "SampleWeatherAppTests" */ = {
			isa = XCConfigurationList;
			buildConfigurations = (
				940EF4142340C85500D7AB59 /* Debug development */,
				940EF41B2340C96F00D7AB59 /* Debug production */,
				940EF4152340C85500D7AB59 /* Release development */,
				940EF41F2340C98A00D7AB59 /* Release production */,
			);
			defaultConfigurationIsVisible = 0;
			defaultConfigurationName = "Release development";
		};
		940EF4162340C85500D7AB59 /* Build configuration list for PBXNativeTarget "SampleWeatherAppUITests" */ = {
			isa = XCConfigurationList;
			buildConfigurations = (
				940EF4172340C85500D7AB59 /* Debug development */,
				940EF41C2340C96F00D7AB59 /* Debug production */,
				940EF4182340C85500D7AB59 /* Release development */,
				940EF4202340C98A00D7AB59 /* Release production */,
			);
			defaultConfigurationIsVisible = 0;
			defaultConfigurationName = "Release development";
		};
/* End XCConfigurationList section */
	};
	rootObject = 940EF3E02340C83B00D7AB59 /* Project object */;
}
